{
  "nodes": {
    "coder-vars": {
      "locked": {
        "dir": "vars",
        "lastModified": 1789650504,
        "narHash": "sha256-sDVUU7L/m57Js2JqdD1CsxVtuE8MFdrMHW7qhw84ZuE=",
        "owner": "coder",
        "repo": "nixos-example-flake",
        "rev": "1c2b99e70e29471f4ae611c32a7e40ba3b45d7c5",
        "type": "github"
      },
      "original": {
        "dir": "vars",
        "owner": "coder",
        "repo": "nixos-example-flake",
        "type": "github"
      }
    },
    "nixpkgs": {
      "locked": {
        "lastModified": 1789542786,
        "narHash": "sha256-ajQuqcxnj6RYnwCjA/9FTCnrdR2+BDzstE8UembXf60=",
        "owner": "NixOS",
        "repo": "nixpkgs",
        "rev": "4c7870105e7f1fdf9c48688c8d7efc21abf0688a",
        "type": "github"
      },
      "original": {
        "owner": "NixOS",
        "ref": "nixos-26.05",
        "repo": "nixpkgs",
        "type": "github"
      }
    },
    "root": {
      "inputs": {
        "coder-vars": "coder-vars",
        "nixpkgs": "nixpkgs"
      }
    }
  },
  "root": "root",
  "version": 7
}
