{
  "nodes": {
    "coder-modules": {
      "locked": {
        "lastModified": 1790603674,
        "narHash": "sha256-ctTF50EUe2f7hx/FIBrYu6eaB3Zsj2Dt2Q+fVg4TPok=",
        "owner": "coder",
        "repo": "nixos-modules",
        "rev": "299fb40145b1316d4948072eb6c649f4899614e9",
        "type": "github"
      },
      "original": {
        "owner": "coder",
        "repo": "nixos-modules",
        "type": "github"
      }
    },
    "nixpkgs": {
      "locked": {
        "lastModified": 1789542786,
        "narHash": "sha256-ajQuqcxnj6RYnwCjA/9FTCnrdR2+BDzstE8UembXf60=",
        "owner": "NixOS",
        "repo": "nixpkgs",
        "rev": "4c7870105e7f1fdf9c48688c8d7efc21abf0688a",
        "type": "github"
      },
      "original": {
        "owner": "NixOS",
        "ref": "nixos-26.05",
        "repo": "nixpkgs",
        "type": "github"
      }
    },
    "root": {
      "inputs": {
        "coder-modules": "coder-modules",
        "nixpkgs": "nixpkgs"
      }
    }
  },
  "root": "root",
  "version": 7
}
